Microsoft Visual Studio Solution File, Format Version 11.00
# Visual Studio 2010
Project("{FAE04EC0-301F-11D3-BF4B-00C04F79EFBC}") = "Assembly-CSharp", "Assembly-CSharp.csproj", "{A2B49B4F-F43D-67F2-CFF2-E2AF0296F9CD}"
EndProject
Project("{FAE04EC0-301F-11D3-BF4B-00C04F79EFBC}") = "Assembly-CSharp-firstpass", "Assembly-CSharp-firstpass.csproj", "{BC934866-E84E-E847-3AA5-C2B98310AC6F}"
EndProject
Global
	GlobalSection(SolutionConfigurationPlatforms) = preSolution
		Debug|Any CPU = Debug|Any CPU
		Release|Any CPU = Release|Any CPU
	EndGlobalSection
	GlobalSection(ProjectConfigurationPlatforms) = postSolution
		{A2B49B4F-F43D-67F2-CFF2-E2AF0296F9CD}.Debug|Any CPU.ActiveCfg = Debug|Any CPU
		{A2B49B4F-F43D-67F2-CFF2-E2AF0296F9CD}.Debug|Any CPU.Build.0 = Debug|Any CPU
		{A2B49B4F-F43D-67F2-CFF2-E2AF0296F9CD}.Release|Any CPU.ActiveCfg = Release|Any CPU
		{A2B49B4F-F43D-67F2-CFF2-E2AF0296F9CD}.Release|Any CPU.Build.0 = Release|Any CPU
		{BC934866-E84E-E847-3AA5-C2B98310AC6F}.Debug|Any CPU.ActiveCfg = Debug|Any CPU
		{BC934866-E84E-E847-3AA5-C2B98310AC6F}.Debug|Any CPU.Build.0 = Debug|Any CPU
		{BC934866-E84E-E847-3AA5-C2B98310AC6F}.Release|Any CPU.ActiveCfg = Release|Any CPU
		{BC934866-E84E-E847-3AA5-C2B98310AC6F}.Release|Any CPU.Build.0 = Release|Any CPU
	EndGlobalSection
	GlobalSection(SolutionProperties) = preSolution
		HideSolutionNode = FALSE
	EndGlobalSection
	GlobalSection(MonoDevelopProperties) = preSolution
		StartupItem = Assembly-CSharp.csproj
	EndGlobalSection
EndGlobal
